
Microsoft Visual Studio Solution File, Format Version 12.00
# Visual Studio Version 16
VisualStudioVersion = 16.0.31025.194
MinimumVisualStudioVersion = 10.0.40219.1
Project("{8BC9CEB8-8B4A-11D0-8D11-00A0C91BC942}") = "Intro", "Intro.vcxproj", "{7422B715-AD8D-4E0F-B980-A374B72C5F22}"
EndProject
Project("{2150E333-8FDC-42A3-9474-1A3956D46DE8}") = "Solution Items", "Solution Items", "{A9A19FB5-1BC5-4244-BA53-3EEB0EFDF754}"
	ProjectSection(SolutionItems) = preProject
		..\ReadMe.txt = ..\ReadMe.txt
	EndProjectSection
EndProject
Global
	GlobalSection(SolutionConfigurationPlatforms) = preSolution
		Debug|x64 = Debug|x64
		Debug|x86 = Debug|x86
		Release|x64 = Release|x64
		Release|x86 = Release|x86
	EndGlobalSection
	GlobalSection(ProjectConfigurationPlatforms) = postSolution
		{7422B715-AD8D-4E0F-B980-A374B72C5F22}.Debug|x64.ActiveCfg = Debug|x64
		{7422B715-AD8D-4E0F-B980-A374B72C5F22}.Debug|x64.Build.0 = Debug|x64
		{7422B715-AD8D-4E0F-B980-A374B72C5F22}.Debug|x86.ActiveCfg = Debug|Win32
		{7422B715-AD8D-4E0F-B980-A374B72C5F22}.Debug|x86.Build.0 = Debug|Win32
		{7422B715-AD8D-4E0F-B980-A374B72C5F22}.Release|x64.ActiveCfg = Release|x64
		{7422B715-AD8D-4E0F-B980-A374B72C5F22}.Release|x64.Build.0 = Release|x64
		{7422B715-AD8D-4E0F-B980-A374B72C5F22}.Release|x86.ActiveCfg = Release|Win32
		{7422B715-AD8D-4E0F-B980-A374B72C5F22}.Release|x86.Build.0 = Release|Win32
	EndGlobalSection
	GlobalSection(SolutionProperties) = preSolution
		HideSolutionNode = FALSE
	EndGlobalSection
	GlobalSection(ExtensibilityGlobals) = postSolution
		SolutionGuid = {30D1D68D-460E-4460-9E47-43FCEB08BD4A}
	EndGlobalSection
EndGlobal
