
Microsoft Visual Studio Solution File, Format Version 12.00
# Visual Studio Version 16
VisualStudioVersion = 16.0.31205.134
MinimumVisualStudioVersion = 10.0.40219.1
Project("{8BC9CEB8-8B4A-11D0-8D11-00A0C91BC942}") = "Organisation", "Organisation.vcxproj", "{A2063591-A095-4D9E-A57F-5726E1C25E6B}"
EndProject
Project("{8BC9CEB8-8B4A-11D0-8D11-00A0C91BC942}") = "CSV_to_Char_MASS", "..\CSV_to_Char_MASS\CSV_to_Char_MASS.vcxproj", "{9527803E-B61D-47A6-B47D-69E1336EF760}"
EndProject
Project("{8BC9CEB8-8B4A-11D0-8D11-00A0C91BC942}") = "CSV_to_String_MASS", "..\CSV_to_String_MASS\CSV_to_String_MASS.vcxproj", "{F3874481-3FED-482D-B2DA-7714AFF8E7F5}"
EndProject
Global
	GlobalSection(SolutionConfigurationPlatforms) = preSolution
		Debug|x64 = Debug|x64
		Debug|x86 = Debug|x86
		Release|x64 = Release|x64
		Release|x86 = Release|x86
	EndGlobalSection
	GlobalSection(ProjectConfigurationPlatforms) = postSolution
		{A2063591-A095-4D9E-A57F-5726E1C25E6B}.Debug|x64.ActiveCfg = Debug|x64
		{A2063591-A095-4D9E-A57F-5726E1C25E6B}.Debug|x64.Build.0 = Debug|x64
		{A2063591-A095-4D9E-A57F-5726E1C25E6B}.Debug|x86.ActiveCfg = Debug|Win32
		{A2063591-A095-4D9E-A57F-5726E1C25E6B}.Debug|x86.Build.0 = Debug|Win32
		{A2063591-A095-4D9E-A57F-5726E1C25E6B}.Release|x64.ActiveCfg = Release|x64
		{A2063591-A095-4D9E-A57F-5726E1C25E6B}.Release|x64.Build.0 = Release|x64
		{A2063591-A095-4D9E-A57F-5726E1C25E6B}.Release|x86.ActiveCfg = Release|Win32
		{A2063591-A095-4D9E-A57F-5726E1C25E6B}.Release|x86.Build.0 = Release|Win32
		{9527803E-B61D-47A6-B47D-69E1336EF760}.Debug|x64.ActiveCfg = Debug|x64
		{9527803E-B61D-47A6-B47D-69E1336EF760}.Debug|x64.Build.0 = Debug|x64
		{9527803E-B61D-47A6-B47D-69E1336EF760}.Debug|x86.ActiveCfg = Debug|Win32
		{9527803E-B61D-47A6-B47D-69E1336EF760}.Debug|x86.Build.0 = Debug|Win32
		{9527803E-B61D-47A6-B47D-69E1336EF760}.Release|x64.ActiveCfg = Release|x64
		{9527803E-B61D-47A6-B47D-69E1336EF760}.Release|x64.Build.0 = Release|x64
		{9527803E-B61D-47A6-B47D-69E1336EF760}.Release|x86.ActiveCfg = Release|Win32
		{9527803E-B61D-47A6-B47D-69E1336EF760}.Release|x86.Build.0 = Release|Win32
		{F3874481-3FED-482D-B2DA-7714AFF8E7F5}.Debug|x64.ActiveCfg = Debug|x64
		{F3874481-3FED-482D-B2DA-7714AFF8E7F5}.Debug|x64.Build.0 = Debug|x64
		{F3874481-3FED-482D-B2DA-7714AFF8E7F5}.Debug|x86.ActiveCfg = Debug|Win32
		{F3874481-3FED-482D-B2DA-7714AFF8E7F5}.Debug|x86.Build.0 = Debug|Win32
		{F3874481-3FED-482D-B2DA-7714AFF8E7F5}.Release|x64.ActiveCfg = Release|x64
		{F3874481-3FED-482D-B2DA-7714AFF8E7F5}.Release|x64.Build.0 = Release|x64
		{F3874481-3FED-482D-B2DA-7714AFF8E7F5}.Release|x86.ActiveCfg = Release|Win32
		{F3874481-3FED-482D-B2DA-7714AFF8E7F5}.Release|x86.Build.0 = Release|Win32
	EndGlobalSection
	GlobalSection(SolutionProperties) = preSolution
		HideSolutionNode = FALSE
	EndGlobalSection
	GlobalSection(ExtensibilityGlobals) = postSolution
		SolutionGuid = {9BE6C8A0-E02F-4783-B343-948E8C767DE5}
	EndGlobalSection
EndGlobal
